
Microsoft Visual Studio Solution File, Format Version 12.00
# Visual Studio Version 16
VisualStudioVersion = 16.0.31005.135
MinimumVisualStudioVersion = 10.0.40219.1
Project("{8BC9CEB8-8B4A-11D0-8D11-00A0C91BC942}") = "kinematics-fixed", "kinematics-fixed\kinematics-fixed.vcxproj", "{B435B0EF-D704-4609-AA83-7A52A784D135}"
EndProject
Global
	GlobalSection(SolutionConfigurationPlatforms) = preSolution
		Debug|x64 = Debug|x64
		Debug|x86 = Debug|x86
		Release|x64 = Release|x64
		Release|x86 = Release|x86
	EndGlobalSection
	GlobalSection(ProjectConfigurationPlatforms) = postSolution
		{B435B0EF-D704-4609-AA83-7A52A784D135}.Debug|x64.ActiveCfg = Debug|x64
		{B435B0EF-D704-4609-AA83-7A52A784D135}.Debug|x64.Build.0 = Debug|x64
		{B435B0EF-D704-4609-AA83-7A52A784D135}.Debug|x86.ActiveCfg = Debug|Win32
		{B435B0EF-D704-4609-AA83-7A52A784D135}.Debug|x86.Build.0 = Debug|Win32
		{B435B0EF-D704-4609-AA83-7A52A784D135}.Release|x64.ActiveCfg = Release|x64
		{B435B0EF-D704-4609-AA83-7A52A784D135}.Release|x64.Build.0 = Release|x64
		{B435B0EF-D704-4609-AA83-7A52A784D135}.Release|x86.ActiveCfg = Release|Win32
		{B435B0EF-D704-4609-AA83-7A52A784D135}.Release|x86.Build.0 = Release|Win32
	EndGlobalSection
	GlobalSection(SolutionProperties) = preSolution
		HideSolutionNode = FALSE
	EndGlobalSection
	GlobalSection(ExtensibilityGlobals) = postSolution
		SolutionGuid = {7B0D263D-9D42-4113-B55B-18DF95BC3B6B}
	EndGlobalSection
EndGlobal
